
Microsoft Visual Studio Solution File, Format Version 12.00
# Visual Studio Version 16
VisualStudioVersion = 16.0.31321.278
MinimumVisualStudioVersion = 10.0.40219.1
Project("{FAE04EC0-301F-11D3-BF4B-00C04F79EFBC}") = "ExamAWS", "ExamAWS\ExamAWS.csproj", "{46C05A1E-AAD9-45C3-9DF6-55CFD042A441}"
EndProject
Global
	GlobalSection(SolutionConfigurationPlatforms) = preSolution
		Debug|Any CPU = Debug|Any CPU
		Release|Any CPU = Release|Any CPU
	EndGlobalSection
	GlobalSection(ProjectConfigurationPlatforms) = postSolution
		{46C05A1E-AAD9-45C3-9DF6-55CFD042A441}.Debug|Any CPU.ActiveCfg = Debug|Any CPU
		{46C05A1E-AAD9-45C3-9DF6-55CFD042A441}.Debug|Any CPU.Build.0 = Debug|Any CPU
		{46C05A1E-AAD9-45C3-9DF6-55CFD042A441}.Release|Any CPU.ActiveCfg = Release|Any CPU
		{46C05A1E-AAD9-45C3-9DF6-55CFD042A441}.Release|Any CPU.Build.0 = Release|Any CPU
	EndGlobalSection
	GlobalSection(SolutionProperties) = preSolution
		HideSolutionNode = FALSE
	EndGlobalSection
	GlobalSection(ExtensibilityGlobals) = postSolution
		SolutionGuid = {0F4B28A2-70DD-49C7-888F-C3ECC8457717}
	EndGlobalSection
EndGlobal
